
Microsoft Visual Studio Solution File, Format Version 12.00
# Visual Studio Version 17
VisualStudioVersion = 17.2.32616.157
MinimumVisualStudioVersion = 10.0.40219.1
Project("{9A19103F-16F7-4668-BE54-9A1E7A4F7556}") = "Todo.Domain", "Todo.Domain\Todo.Domain.csproj", "{FDBB9BFB-5B9E-4FCC-BE3A-AE20581BAFB6}"
EndProject
Project("{9A19103F-16F7-4668-BE54-9A1E7A4F7556}") = "Todo.Application", "Todo.Application\Todo.Application.csproj", "{536A9C6B-D993-4ED4-8264-0671C52C1934}"
EndProject
Project("{FAE04EC0-301F-11D3-BF4B-00C04F79EFBC}") = "Todo.Infrestructure", "Todo.Infrestructure\Todo.Infrestructure.csproj", "{CF20D8B8-93C0-4C68-B1E9-4C660607F12D}"
EndProject
Project("{FAE04EC0-301F-11D3-BF4B-00C04F79EFBC}") = "Todo.API", "Todo.API\Todo.API.csproj", "{68B1EB6F-AEA8-45D8-A782-07B3426E3CCF}"
EndProject
Project("{FAE04EC0-301F-11D3-BF4B-00C04F79EFBC}") = "Todo.WebUI", "Todo.WebUI\Todo.WebUI.csproj", "{ECF241BD-A4BB-4ADC-85B1-040BEA95305C}"
EndProject
Global
	GlobalSection(SolutionConfigurationPlatforms) = preSolution
		Debug|Any CPU = Debug|Any CPU
		Release|Any CPU = Release|Any CPU
	EndGlobalSection
	GlobalSection(ProjectConfigurationPlatforms) = postSolution
		{FDBB9BFB-5B9E-4FCC-BE3A-AE20581BAFB6}.Debug|Any CPU.ActiveCfg = Debug|Any CPU
		{FDBB9BFB-5B9E-4FCC-BE3A-AE20581BAFB6}.Debug|Any CPU.Build.0 = Debug|Any CPU
		{FDBB9BFB-5B9E-4FCC-BE3A-AE20581BAFB6}.Release|Any CPU.ActiveCfg = Release|Any CPU
		{FDBB9BFB-5B9E-4FCC-BE3A-AE20581BAFB6}.Release|Any CPU.Build.0 = Release|Any CPU
		{536A9C6B-D993-4ED4-8264-0671C52C1934}.Debug|Any CPU.ActiveCfg = Debug|Any CPU
		{536A9C6B-D993-4ED4-8264-0671C52C1934}.Debug|Any CPU.Build.0 = Debug|Any CPU
		{536A9C6B-D993-4ED4-8264-0671C52C1934}.Release|Any CPU.ActiveCfg = Release|Any CPU
		{536A9C6B-D993-4ED4-8264-0671C52C1934}.Release|Any CPU.Build.0 = Release|Any CPU
		{CF20D8B8-93C0-4C68-B1E9-4C660607F12D}.Debug|Any CPU.ActiveCfg = Debug|Any CPU
		{CF20D8B8-93C0-4C68-B1E9-4C660607F12D}.Debug|Any CPU.Build.0 = Debug|Any CPU
		{CF20D8B8-93C0-4C68-B1E9-4C660607F12D}.Release|Any CPU.ActiveCfg = Release|Any CPU
		{CF20D8B8-93C0-4C68-B1E9-4C660607F12D}.Release|Any CPU.Build.0 = Release|Any CPU
		{68B1EB6F-AEA8-45D8-A782-07B3426E3CCF}.Debug|Any CPU.ActiveCfg = Debug|Any CPU
		{68B1EB6F-AEA8-45D8-A782-07B3426E3CCF}.Debug|Any CPU.Build.0 = Debug|Any CPU
		{68B1EB6F-AEA8-45D8-A782-07B3426E3CCF}.Release|Any CPU.ActiveCfg = Release|Any CPU
		{68B1EB6F-AEA8-45D8-A782-07B3426E3CCF}.Release|Any CPU.Build.0 = Release|Any CPU
		{ECF241BD-A4BB-4ADC-85B1-040BEA95305C}.Debug|Any CPU.ActiveCfg = Debug|Any CPU
		{ECF241BD-A4BB-4ADC-85B1-040BEA95305C}.Debug|Any CPU.Build.0 = Debug|Any CPU
		{ECF241BD-A4BB-4ADC-85B1-040BEA95305C}.Release|Any CPU.ActiveCfg = Release|Any CPU
		{ECF241BD-A4BB-4ADC-85B1-040BEA95305C}.Release|Any CPU.Build.0 = Release|Any CPU
	EndGlobalSection
	GlobalSection(SolutionProperties) = preSolution
		HideSolutionNode = FALSE
	EndGlobalSection
	GlobalSection(ExtensibilityGlobals) = postSolution
		SolutionGuid = {71C1F5C6-755E-4E90-B93F-7AC7551D79D7}
	EndGlobalSection
EndGlobal
